
Microsoft Visual Studio Solution File, Format Version 12.00
# Visual Studio Version 17
VisualStudioVersion = 17.0.31903.59
MinimumVisualStudioVersion = 10.0.40219.1
Project("{2150E333-8FDC-42A3-9474-1A3956D46DE8}") = "Solution Items", "Solution Items", "{AADE8B7B-D82A-4B3F-AA98-E160D0E30AD8}"
	ProjectSection(SolutionItems) = preProject
		.editorconfig = .editorconfig
		global.json = global.json
		.gitignore = .gitignore
		README.md = README.md
		docker-compose.yml = docker-compose.yml
		Directory.Build.props = Directory.Build.props
		Directory.Packages.props = Directory.Packages.props
	EndProjectSection
EndProject
Project("{2150E333-8FDC-42A3-9474-1A3956D46DE8}") = "src", "src", "{B487406B-BF62-475C-90E8-B37BE16198B1}"
EndProject
Project("{2150E333-8FDC-42A3-9474-1A3956D46DE8}") = "tests", "tests", "{3CB88166-BA1A-4F0D-B9BA-A00EE722128B}"
EndProject
Project("{FAE04EC0-301F-11D3-BF4B-00C04F79EFBC}") = "Domain", "src\Domain\Domain.csproj", "{F25528FC-D03C-4D6F-AE9C-E604A5EECAAB}"
EndProject
Project("{FAE04EC0-301F-11D3-BF4B-00C04F79EFBC}") = "Domain.UnitTests", "tests\Domain.UnitTests\Domain.UnitTests.csproj", "{6AF1EDA8-4BDF-4C20-AD0C-AA9E2560122B}"
EndProject
Project("{FAE04EC0-301F-11D3-BF4B-00C04F79EFBC}") = "Application", "src\Application\Application.csproj", "{12BEF4F1-5E82-4F9D-A7EE-15D630A970DC}"
EndProject
Project("{FAE04EC0-301F-11D3-BF4B-00C04F79EFBC}") = "Application.UnitTests", "tests\Application.UnitTests\Application.UnitTests.csproj", "{4BFF6708-184C-48C5-83F3-FF0DAACD1E85}"
EndProject
Global
	GlobalSection(SolutionConfigurationPlatforms) = preSolution
		Debug|Any CPU = Debug|Any CPU
		Release|Any CPU = Release|Any CPU
	EndGlobalSection
	GlobalSection(ProjectConfigurationPlatforms) = postSolution
		{F25528FC-D03C-4D6F-AE9C-E604A5EECAAB}.Debug|Any CPU.ActiveCfg = Debug|Any CPU
		{F25528FC-D03C-4D6F-AE9C-E604A5EECAAB}.Debug|Any CPU.Build.0 = Debug|Any CPU
		{F25528FC-D03C-4D6F-AE9C-E604A5EECAAB}.Release|Any CPU.ActiveCfg = Release|Any CPU
		{F25528FC-D03C-4D6F-AE9C-E604A5EECAAB}.Release|Any CPU.Build.0 = Release|Any CPU
		{6AF1EDA8-4BDF-4C20-AD0C-AA9E2560122B}.Debug|Any CPU.ActiveCfg = Debug|Any CPU
		{6AF1EDA8-4BDF-4C20-AD0C-AA9E2560122B}.Debug|Any CPU.Build.0 = Debug|Any CPU
		{6AF1EDA8-4BDF-4C20-AD0C-AA9E2560122B}.Release|Any CPU.ActiveCfg = Release|Any CPU
		{6AF1EDA8-4BDF-4C20-AD0C-AA9E2560122B}.Release|Any CPU.Build.0 = Release|Any CPU
		{12BEF4F1-5E82-4F9D-A7EE-15D630A970DC}.Debug|Any CPU.ActiveCfg = Debug|Any CPU
		{12BEF4F1-5E82-4F9D-A7EE-15D630A970DC}.Debug|Any CPU.Build.0 = Debug|Any CPU
		{12BEF4F1-5E82-4F9D-A7EE-15D630A970DC}.Release|Any CPU.ActiveCfg = Release|Any CPU
		{12BEF4F1-5E82-4F9D-A7EE-15D630A970DC}.Release|Any CPU.Build.0 = Release|Any CPU
		{4BFF6708-184C-48C5-83F3-FF0DAACD1E85}.Debug|Any CPU.ActiveCfg = Debug|Any CPU
		{4BFF6708-184C-48C5-83F3-FF0DAACD1E85}.Debug|Any CPU.Build.0 = Debug|Any CPU
		{4BFF6708-184C-48C5-83F3-FF0DAACD1E85}.Release|Any CPU.ActiveCfg = Release|Any CPU
		{4BFF6708-184C-48C5-83F3-FF0DAACD1E85}.Release|Any CPU.Build.0 = Release|Any CPU
	EndGlobalSection
	GlobalSection(SolutionProperties) = preSolution
		HideSolutionNode = FALSE
	EndGlobalSection
	GlobalSection(NestedProjects) = preSolution
		{F25528FC-D03C-4D6F-AE9C-E604A5EECAAB} = {B487406B-BF62-475C-90E8-B37BE16198B1}
		{6AF1EDA8-4BDF-4C20-AD0C-AA9E2560122B} = {3CB88166-BA1A-4F0D-B9BA-A00EE722128B}
		{12BEF4F1-5E82-4F9D-A7EE-15D630A970DC} = {B487406B-BF62-475C-90E8-B37BE16198B1}
		{4BFF6708-184C-48C5-83F3-FF0DAACD1E85} = {3CB88166-BA1A-4F0D-B9BA-A00EE722128B}
	EndGlobalSection
EndGlobal
